
Microsoft Visual Studio Solution File, Format Version 12.00
# Visual Studio Version 16
VisualStudioVersion = 16.0.29920.165
MinimumVisualStudioVersion = 10.0.40219.1
Project("{9A19103F-16F7-4668-BE54-9A1E7A4F7556}") = "CodearxEFCoreRP3CMS", "CodearxEFCoreRP3CMS\CodearxEFCoreRP3CMS.csproj", "{450BE311-1829-4D35-8B20-B1AA838F6A2E}"
EndProject
Project("{9A19103F-16F7-4668-BE54-9A1E7A4F7556}") = "Tests", "Tests\Tests.csproj", "{F63AE323-D26F-4F78-B5B5-02CB7C710B0E}"
EndProject
Global
	GlobalSection(SolutionConfigurationPlatforms) = preSolution
		Debug|Any CPU = Debug|Any CPU
		Release|Any CPU = Release|Any CPU
	EndGlobalSection
	GlobalSection(ProjectConfigurationPlatforms) = postSolution
		{450BE311-1829-4D35-8B20-B1AA838F6A2E}.Debug|Any CPU.ActiveCfg = Debug|Any CPU
		{450BE311-1829-4D35-8B20-B1AA838F6A2E}.Debug|Any CPU.Build.0 = Debug|Any CPU
		{450BE311-1829-4D35-8B20-B1AA838F6A2E}.Release|Any CPU.ActiveCfg = Release|Any CPU
		{450BE311-1829-4D35-8B20-B1AA838F6A2E}.Release|Any CPU.Build.0 = Release|Any CPU
		{F63AE323-D26F-4F78-B5B5-02CB7C710B0E}.Debug|Any CPU.ActiveCfg = Debug|Any CPU
		{F63AE323-D26F-4F78-B5B5-02CB7C710B0E}.Debug|Any CPU.Build.0 = Debug|Any CPU
		{F63AE323-D26F-4F78-B5B5-02CB7C710B0E}.Release|Any CPU.ActiveCfg = Release|Any CPU
		{F63AE323-D26F-4F78-B5B5-02CB7C710B0E}.Release|Any CPU.Build.0 = Release|Any CPU
	EndGlobalSection
	GlobalSection(SolutionProperties) = preSolution
		HideSolutionNode = FALSE
	EndGlobalSection
	GlobalSection(ExtensibilityGlobals) = postSolution
		SolutionGuid = {912145E5-6B2F-4302-937D-FC75AC403E02}
	EndGlobalSection
EndGlobal
